// !$*UTF8*$!
{
	archiveVersion = 1;
	classes = {
	};
	objectVersion = 46;
	objects = {

/* Begin PBXBuildFile section */
		191B62EE1D0F8A2600ABF850 /* AppDelegate.swift in Sources */ = {isa = PBXBuildFile; fileRef = 191B62ED1D0F8A2600ABF850 /* AppDelegate.swift */; };
		191B62F01D0F8A2600ABF850 /* ViewController.swift in Sources */ = {isa = PBXBuildFile; fileRef = 191B62EF1D0F8A2600ABF850 /* ViewController.swift */; };
		191B62F31D0F8A2600ABF850 /* Main.storyboard in Resources */ = {isa = PBXBuildFile; fileRef = 191B62F11D0F8A2600ABF850 /* Main.storyboard */; };
		191B62F51D0F8A2600ABF850 /* Assets.xcassets in Resources */ = {isa = PBXBuildFile; fileRef = 191B62F41D0F8A2600ABF850 /* Assets.xcassets */; };
		191B62F81D0F8A2600ABF850 /* LaunchScreen.storyboard in Resources */ = {isa = PBXBuildFile; fileRef = 191B62F61D0F8A2600ABF850 /* LaunchScreen.storyboard */; };
		191B63021D0FBA6200ABF850 /* InteractiveStory.swift in Sources */ = {isa = PBXBuildFile; fileRef = 191B63011D0FBA6200ABF850 /* InteractiveStory.swift */; };
		191B63081D0FC5C900ABF850 /* PageController.swift in Sources */ = {isa = PBXBuildFile; fileRef = 191B63071D0FC5C900ABF850 /* PageController.swift */; };
		191B630D1D10D52400ABF850 /* HappyEnding.wav in Resources */ = {isa = PBXBuildFile; fileRef = 191B630A1D10D52400ABF850 /* HappyEnding.wav */; };
		191B630E1D10D52400ABF850 /* Ominous.wav in Resources */ = {isa = PBXBuildFile; fileRef = 191B630B1D10D52400ABF850 /* Ominous.wav */; };
		191B630F1D10D52400ABF850 /* PageTurn.wav in Resources */ = {isa = PBXBuildFile; fileRef = 191B630C1D10D52400ABF850 /* PageTurn.wav */; };
/* End PBXBuildFile section */

/* Begin PBXFileReference section */
		191B62EA1D0F8A2500ABF850 /* InteractiveStory.app */ = {isa = PBXFileReference; explicitFileType = wrapper.application; includeInIndex = 0; path = InteractiveStory.app; sourceTree = BUILT_PRODUCTS_DIR; };
		191B62ED1D0F8A2600ABF850 /* AppDelegate.swift */ = {isa = PBXFileReference; lastKnownFileType = sourcecode.swift; path = AppDelegate.swift; sourceTree = "<group>"; };
		191B62EF1D0F8A2600ABF850 /* ViewController.swift */ = {isa = PBXFileReference; lastKnownFileType = sourcecode.swift; path = ViewController.swift; sourceTree = "<group>"; };
		191B62F21D0F8A2600ABF850 /* Base */ = {isa = PBXFileReference; lastKnownFileType = file.storyboard; name = Base; path = Base.lproj/Main.storyboard; sourceTree = "<group>"; };
		191B62F41D0F8A2600ABF850 /* Assets.xcassets */ = {isa = PBXFileReference; lastKnownFileType = folder.assetcatalog; path = Assets.xcassets; sourceTree = "<group>"; };
		191B62F71D0F8A2600ABF850 /* Base */ = {isa = PBXFileReference; lastKnownFileType = file.storyboard; name = Base; path = Base.lproj/LaunchScreen.storyboard; sourceTree = "<group>"; };
		191B62F91D0F8A2600ABF850 /* Info.plist */ = {isa = PBXFileReference; lastKnownFileType = text.plist.xml; path = Info.plist; sourceTree = "<group>"; };
		191B63011D0FBA6200ABF850 /* InteractiveStory.swift */ = {isa = PBXFileReference; fileEncoding = 4; lastKnownFileType = sourcecode.swift; path = InteractiveStory.swift; sourceTree = "<group>"; };
		191B63071D0FC5C900ABF850 /* PageController.swift */ = {isa = PBXFileReference; fileEncoding = 4; lastKnownFileType = sourcecode.swift; path = PageController.swift; sourceTree = "<group>"; };
		191B630A1D10D52400ABF850 /* HappyEnding.wav */ = {isa = PBXFileReference; lastKnownFileType = audio.wav; name = HappyEnding.wav; path = ../../../../../Downloads/Sounds/HappyEnding.wav; sourceTree = "<group>"; };
		191B630B1D10D52400ABF850 /* Ominous.wav */ = {isa = PBXFileReference; lastKnownFileType = audio.wav; name = Ominous.wav; path = ../../../../../Downloads/Sounds/Ominous.wav; sourceTree = "<group>"; };
		191B630C1D10D52400ABF850 /* PageTurn.wav */ = {isa = PBXFileReference; lastKnownFileType = audio.wav; name = PageTurn.wav; path = ../../../../../Downloads/Sounds/PageTurn.wav; sourceTree = "<group>"; };
/* End PBXFileReference section */

/* Begin PBXFrameworksBuildPhase section */
		191B62E71D0F8A2500ABF850 /* Frameworks */ = {
			isa = PBXFrameworksBuildPhase;
			buildActionMask = 2147483647;
			files = (
			);
			runOnlyForDeploymentPostprocessing = 0;
		};
/* End PBXFrameworksBuildPhase section */

/* Begin PBXGroup section */
		191B62E11D0F8A2500ABF850 = {
			isa = PBXGroup;
			children = (
				191B62EC1D0F8A2500ABF850 /* InteractiveStory */,
				191B62EB1D0F8A2500ABF850 /* Products */,
			);
			sourceTree = "<group>";
		};
		191B62EB1D0F8A2500ABF850 /* Products */ = {
			isa = PBXGroup;
			children = (
				191B62EA1D0F8A2500ABF850 /* InteractiveStory.app */,
			);
			name = Products;
			sourceTree = "<group>";
		};
		191B62EC1D0F8A2500ABF850 /* InteractiveStory */ = {
			isa = PBXGroup;
			children = (
				191B62ED1D0F8A2600ABF850 /* AppDelegate.swift */,
				191B62EF1D0F8A2600ABF850 /* ViewController.swift */,
				191B63011D0FBA6200ABF850 /* InteractiveStory.swift */,
				191B63071D0FC5C900ABF850 /* PageController.swift */,
				191B62F11D0F8A2600ABF850 /* Main.storyboard */,
				191B62F41D0F8A2600ABF850 /* Assets.xcassets */,
				191B62F61D0F8A2600ABF850 /* LaunchScreen.storyboard */,
				191B62F91D0F8A2600ABF850 /* Info.plist */,
				191B63091D10D50600ABF850 /* Resources */,
			);
			path = InteractiveStory;
			sourceTree = "<group>";
		};
		191B63091D10D50600ABF850 /* Resources */ = {
			isa = PBXGroup;
			children = (
				191B630A1D10D52400ABF850 /* HappyEnding.wav */,
				191B630B1D10D52400ABF850 /* Ominous.wav */,
				191B630C1D10D52400ABF850 /* PageTurn.wav */,
			);
			name = Resources;
			sourceTree = "<group>";
		};
/* End PBXGroup section */

/* Begin PBXNativeTarget section */
		191B62E91D0F8A2500ABF850 /* InteractiveStory */ = {
			isa = PBXNativeTarget;
			buildConfigurationList = 191B62FC1D0F8A2600ABF850 /* Build configuration list for PBXNativeTarget "InteractiveStory" */;
			buildPhases = (
				191B62E61D0F8A2500ABF850 /* Sources */,
				191B62E71D0F8A2500ABF850 /* Frameworks */,
				191B62E81D0F8A2500ABF850 /* Resources */,
			);
			buildRules = (
			);
			dependencies = (
			);
			name = InteractiveStory;
			productName = InteractiveStory;
			productReference = 191B62EA1D0F8A2500ABF850 /* InteractiveStory.app */;
			productType = "com.apple.product-type.application";
		};
/* End PBXNativeTarget section */

/* Begin PBXProject section */
		191B62E21D0F8A2500ABF850 /* Project object */ = {
			isa = PBXProject;
			attributes = {
				LastSwiftUpdateCheck = 0730;
				LastUpgradeCheck = 0730;
				ORGANIZATIONNAME = "Richard Ni";
				TargetAttributes = {
					191B62E91D0F8A2500ABF850 = {
						CreatedOnToolsVersion = 7.3.1;
						DevelopmentTeam = TX73VT72QG;
					};
				};
			};
			buildConfigurationList = 191B62E51D0F8A2500ABF850 /* Build configuration list for PBXProject "InteractiveStory" */;
			compatibilityVersion = "Xcode 3.2";
			developmentRegion = English;
			hasScannedForEncodings = 0;
			knownRegions = (
				en,
				Base,
			);
			mainGroup = 191B62E11D0F8A2500ABF850;
			productRefGroup = 191B62EB1D0F8A2500ABF850 /* Products */;
			projectDirPath = "";
			projectRoot = "";
			targets = (
				191B62E91D0F8A2500ABF850 /* InteractiveStory */,
			);
		};
/* End PBXProject section */

/* Begin PBXResourcesBuildPhase section */
		191B62E81D0F8A2500ABF850 /* Resources */ = {
			isa = PBXResourcesBuildPhase;
			buildActionMask = 2147483647;
			files = (
				191B630E1D10D52400ABF850 /* Ominous.wav in Resources */,
				191B62F81D0F8A2600ABF850 /* LaunchScreen.storyboard in Resources */,
				191B62F51D0F8A2600ABF850 /* Assets.xcassets in Resources */,
				191B630D1D10D52400ABF850 /* HappyEnding.wav in Resources */,
				191B630F1D10D52400ABF850 /* PageTurn.wav in Resources */,
				191B62F31D0F8A2600ABF850 /* Main.storyboard in Resources */,
			);
			runOnlyForDeploymentPostprocessing = 0;
		};
/* End PBXResourcesBuildPhase section */

/* Begin PBXSourcesBuildPhase section */
		191B62E61D0F8A2500ABF850 /* Sources */ = {
			isa = PBXSourcesBuildPhase;
			buildActionMask = 2147483647;
			files = (
				191B63081D0FC5C900ABF850 /* PageController.swift in Sources */,
				191B63021D0FBA6200ABF850 /* InteractiveStory.swift in Sources */,
				191B62F01D0F8A2600ABF850 /* ViewController.swift in Sources */,
				191B62EE1D0F8A2600ABF850 /* AppDelegate.swift in Sources */,
			);
			runOnlyForDeploymentPostprocessing = 0;
		};
/* End PBXSourcesBuildPhase section */

/* Begin PBXVariantGroup section */
		191B62F11D0F8A2600ABF850 /* Main.storyboard */ = {
			isa = PBXVariantGroup;
			children = (
				191B62F21D0F8A2600ABF850 /* Base */,
			);
			name = Main.storyboard;
			sourceTree = "<group>";
		};
		191B62F61D0F8A2600ABF850 /* LaunchScreen.storyboard */ = {
			isa = PBXVariantGroup;
			children = (
				191B62F71D0F8A2600ABF850 /* Base */,
			);
			name = LaunchScreen.storyboard;
			sourceTree = "<group>";
		};
/* End PBXVariantGroup section */

/* Begin XCBuildConfiguration section */
		191B62FA1D0F8A2600ABF850 /* Debug */ = {
			isa = XCBuildConfiguration;
			buildSettings = {
				ALWAYS_SEARCH_USER_PATHS = NO;
				CLANG_ANALYZER_NONNULL = YES;
				CLANG_CXX_LANGUAGE_STANDARD = "gnu++0x";
				CLANG_CXX_LIBRARY = "libc++";
				CLANG_ENABLE_MODULES = YES;
				CLANG_ENABLE_OBJC_ARC = YES;
				CLANG_WARN_BOOL_CONVERSION = YES;
				CLANG_WARN_CONSTANT_CONVERSION = YES;
				CLANG_WARN_DIRECT_OBJC_ISA_USAGE = YES_ERROR;
				CLANG_WARN_EMPTY_BODY = YES;
				CLANG_WARN_ENUM_CONVERSION = YES;
				CLANG_WARN_INT_CONVERSION = YES;
				CLANG_WARN_OBJC_ROOT_CLASS = YES_ERROR;
				CLANG_WARN_UNREACHABLE_CODE = YES;
				CLANG_WARN__DUPLICATE_METHOD_MATCH = YES;
				"CODE_SIGN_IDENTITY[sdk=iphoneos*]" = "iPhone Developer";
				COPY_PHASE_STRIP = NO;
				DEBUG_INFORMATION_FORMAT = dwarf;
				ENABLE_STRICT_OBJC_MSGSEND = YES;
				ENABLE_TESTABILITY = YES;
				GCC_C_LANGUAGE_STANDARD = gnu99;
				GCC_DYNAMIC_NO_PIC = NO;
				GCC_NO_COMMON_BLOCKS = YES;
				GCC_OPTIMIZATION_LEVEL = 0;
				GCC_PREPROCESSOR_DEFINITIONS = (
					"DEBUG=1",
					"$(inherited)",
				);
				GCC_WARN_64_TO_32_BIT_CONVERSION = YES;
				GCC_WARN_ABOUT_RETURN_TYPE = YES_ERROR;
				GCC_WARN_UNDECLARED_SELECTOR = YES;
				GCC_WARN_UNINITIALIZED_AUTOS = YES_AGGRESSIVE;
				GCC_WARN_UNUSED_FUNCTION = YES;
				GCC_WARN_UNUSED_VARIABLE = YES;
				IPHONEOS_DEPLOYMENT_TARGET = 9.3;
				MTL_ENABLE_DEBUG_INFO = YES;
				ONLY_ACTIVE_ARCH = YES;
				SDKROOT = iphoneos;
				SWIFT_OPTIMIZATION_LEVEL = "-Onone";
			};
			name = Debug;
		};
		191B62FB1D0F8A2600ABF850 /* Release */ = {
			isa = XCBuildConfiguration;
			buildSettings = {
				ALWAYS_SEARCH_USER_PATHS = NO;
				CLANG_ANALYZER_NONNULL = YES;
				CLANG_CXX_LANGUAGE_STANDARD = "gnu++0x";
				CLANG_CXX_LIBRARY = "libc++";
				CLANG_ENABLE_MODULES = YES;
				CLANG_ENABLE_OBJC_ARC = YES;
				CLANG_WARN_BOOL_CONVERSION = YES;
				CLANG_WARN_CONSTANT_CONVERSION = YES;
				CLANG_WARN_DIRECT_OBJC_ISA_USAGE = YES_ERROR;
				CLANG_WARN_EMPTY_BODY = YES;
				CLANG_WARN_ENUM_CONVERSION = YES;
				CLANG_WARN_INT_CONVERSION = YES;
				CLANG_WARN_OBJC_ROOT_CLASS = YES_ERROR;
				CLANG_WARN_UNREACHABLE_CODE = YES;
				CLANG_WARN__DUPLICATE_METHOD_MATCH = YES;
				"CODE_SIGN_IDENTITY[sdk=iphoneos*]" = "iPhone Developer";
				COPY_PHASE_STRIP = NO;
				DEBUG_INFORMATION_FORMAT = "dwarf-with-dsym";
				ENABLE_NS_ASSERTIONS = NO;
				ENABLE_STRICT_OBJC_MSGSEND = YES;
				GCC_C_LANGUAGE_STANDARD = gnu99;
				GCC_NO_COMMON_BLOCKS = YES;
				GCC_WARN_64_TO_32_BIT_CONVERSION = YES;
				GCC_WARN_ABOUT_RETURN_TYPE = YES_ERROR;
				GCC_WARN_UNDECLARED_SELECTOR = YES;
				GCC_WARN_UNINITIALIZED_AUTOS = YES_AGGRESSIVE;
				GCC_WARN_UNUSED_FUNCTION = YES;
				GCC_WARN_UNUSED_VARIABLE = YES;
				IPHONEOS_DEPLOYMENT_TARGET = 9.3;
				MTL_ENABLE_DEBUG_INFO = NO;
				SDKROOT = iphoneos;
				VALIDATE_PRODUCT = YES;
			};
			name = Release;
		};
		191B62FD1D0F8A2600ABF850 /* Debug */ = {
			isa = XCBuildConfiguration;
			buildSettings = {
				ASSETCATALOG_COMPILER_APPICON_NAME = AppIcon;
				CODE_SIGN_IDENTITY = "iPhone Developer";
				"CODE_SIGN_IDENTITY[sdk=iphoneos*]" = "iPhone Developer";
				INFOPLIST_FILE = InteractiveStory/Info.plist;
				LD_RUNPATH_SEARCH_PATHS = "$(inherited) @executable_path/Frameworks";
				PRODUCT_BUNDLE_IDENTIFIER = dxy159.InteractiveStory;
				PRODUCT_NAME = "$(TARGET_NAME)";
				PROVISIONING_PROFILE = "";
			};
			name = Debug;
		};
		191B62FE1D0F8A2600ABF850 /* Release */ = {
			isa = XCBuildConfiguration;
			buildSettings = {
				ASSETCATALOG_COMPILER_APPICON_NAME = AppIcon;
				CODE_SIGN_IDENTITY = "iPhone Developer";
				"CODE_SIGN_IDENTITY[sdk=iphoneos*]" = "iPhone Developer";
				INFOPLIST_FILE = InteractiveStory/Info.plist;
				LD_RUNPATH_SEARCH_PATHS = "$(inherited) @executable_path/Frameworks";
				PRODUCT_BUNDLE_IDENTIFIER = dxy159.InteractiveStory;
				PRODUCT_NAME = "$(TARGET_NAME)";
				PROVISIONING_PROFILE = "";
			};
			name = Release;
		};
/* End XCBuildConfiguration section */

/* Begin XCConfigurationList section */
		191B62E51D0F8A2500ABF850 /* Build configuration list for PBXProject "InteractiveStory" */ = {
			isa = XCConfigurationList;
			buildConfigurations = (
				191B62FA1D0F8A2600ABF850 /* Debug */,
				191B62FB1D0F8A2600ABF850 /* Release */,
			);
			defaultConfigurationIsVisible = 0;
			defaultConfigurationName = Release;
		};
		191B62FC1D0F8A2600ABF850 /* Build configuration list for PBXNativeTarget "InteractiveStory" */ = {
			isa = XCConfigurationList;
			buildConfigurations = (
				191B62FD1D0F8A2600ABF850 /* Debug */,
				191B62FE1D0F8A2600ABF850 /* Release */,
			);
			defaultConfigurationIsVisible = 0;
			defaultConfigurationName = Release;
		};
/* End XCConfigurationList section */
	};
	rootObject = 191B62E21D0F8A2500ABF850 /* Project object */;
}
